<?xml version="1.0" encoding="utf-8"?>
<Project ToolsVersion="4.0" xmlns="http://schemas.microsoft.com/developer/msbuild/2003">
  <ItemGroup>
    <Filter Include="Source Files">
      <UniqueIdentifier>{4FC737F1-C7A5-4376-A066-2A32D752A2FF}</UniqueIdentifier>
      <Extensions>cpp;c;cc;cxx;def;odl;idl;hpj;bat;asm;asmx</Extensions>
    </Filter>
    <Filter Include="Header Files">
      <UniqueIdentifier>{93995380-89BD-4b04-88EB-625FBE52EBFB}</UniqueIdentifier>
      <Extensions>h;hpp;hxx;hm;inl;inc;xsd</Extensions>
    </Filter>
    <Filter Include="Resource Files">
      <UniqueIdentifier>{67DA6AB6-F800-4c08-8B7A-83BB121AAD01}</UniqueIdentifier>
      <Extensions>rc;ico;cur;bmp;dlg;rc2;rct;bin;rgs;gif;jpg;jpeg;jpe;resx;tiff;tif;png;wav;mfcribbon-ms</Extensions>
    </Filter>
  </ItemGroup>
  <ItemGroup>
    <ClInclude Include="include\SJLIB\utils.h">
      <Filter>Header Files</Filter>
    </ClInclude>
    <ClInclude Include="include\SJLIB\stdinc.h">
      <Filter>Header Files</Filter>
    </ClInclude>
    <ClInclude Include="include\SJLIB\main.h">
      <Filter>Header Files</Filter>
    </ClInclude>
    <ClInclude Include="include\SJLIB\GamePatches.h">
      <Filter>Header Files</Filter>
    </ClInclude>
    <ClInclude Include="include\SJLIB\CSingleton.h">
      <Filter>Header Files</Filter>
    </ClInclude>
    <ClInclude Include="include\SJLIB\GameVC\world.h">
      <Filter>Header Files</Filter>
    </ClInclude>
    <ClInclude Include="include\SJLIB\hooksystem.h">
      <Filter>Header Files</Filter>
    </ClInclude>
    <ClInclude Include="include\SJLIB\GameVC\automobile.h">
      <Filter>Header Files</Filter>
    </ClInclude>
    <ClInclude Include="include\SJLIB\GameVC\CAutoPilot.h">
      <Filter>Header Files</Filter>
    </ClInclude>
    <ClInclude Include="include\SJLIB\GameVC\CCamera.h">
      <Filter>Header Files</Filter>
    </ClInclude>
    <ClInclude Include="include\SJLIB\GameVC\CCarCtrl.h">
      <Filter>Header Files</Filter>
    </ClInclude>
    <ClInclude Include="include\SJLIB\GameVC\CCullZones.h">
      <Filter>Header Files</Filter>
    </ClInclude>
    <ClInclude Include="include\SJLIB\GameVC\CCurves.h">
      <Filter>Header Files</Filter>
    </ClInclude>
    <ClInclude Include="include\SJLIB\GameVC\CDebug.h">
      <Filter>Header Files</Filter>
    </ClInclude>
    <ClInclude Include="include\SJLIB\GameVC\CFileLoader.h">
      <Filter>Header Files</Filter>
    </ClInclude>
    <ClInclude Include="include\SJLIB\GameVC\CFileMgr.h">
      <Filter>Header Files</Filter>
    </ClInclude>
    <ClInclude Include="include\SJLIB\GameVC\CFont.h">
      <Filter>Header Files</Filter>
    </ClInclude>
    <ClInclude Include="include\SJLIB\GameVC\CGameVariables.h">
      <Filter>Header Files</Filter>
    </ClInclude>
    <ClInclude Include="include\SJLIB\GameVC\CGeneral.h">
      <Filter>Header Files</Filter>
    </ClInclude>
    <ClInclude Include="include\SJLIB\GameVC\CMatrix.h">
      <Filter>Header Files</Filter>
    </ClInclude>
    <ClInclude Include="include\SJLIB\GameVC\CommonDefinations.h">
      <Filter>Header Files</Filter>
    </ClInclude>
    <ClInclude Include="include\SJLIB\GameVC\CPed.h">
      <Filter>Header Files</Filter>
    </ClInclude>
    <ClInclude Include="include\SJLIB\GameVC\CSprite2D.h">
      <Filter>Header Files</Filter>
    </ClInclude>
    <ClInclude Include="include\SJLIB\GameVC\CTheCarGenerators.h">
      <Filter>Header Files</Filter>
    </ClInclude>
    <ClInclude Include="include\SJLIB\GameVC\CTheZones.h">
      <Filter>Header Files</Filter>
    </ClInclude>
    <ClInclude Include="include\SJLIB\GameVC\CTxdStore.h">
      <Filter>Header Files</Filter>
    </ClInclude>
    <ClInclude Include="include\SJLIB\GameVC\CVector.h">
      <Filter>Header Files</Filter>
    </ClInclude>
    <ClInclude Include="include\SJLIB\GameVC\CVector2D.h">
      <Filter>Header Files</Filter>
    </ClInclude>
    <ClInclude Include="include\SJLIB\GameVC\entity.h">
      <Filter>Header Files</Filter>
    </ClInclude>
    <ClInclude Include="include\SJLIB\GameVC\GameVC.h">
      <Filter>Header Files</Filter>
    </ClInclude>
    <ClInclude Include="include\SJLIB\GameVC\pathfinding.h">
      <Filter>Header Files</Filter>
    </ClInclude>
    <ClInclude Include="include\SJLIB\GameVC\RenderWare.h">
      <Filter>Header Files</Filter>
    </ClInclude>
    <ClInclude Include="include\SJLIB\GameVC\renderwaretypes.h">
      <Filter>Header Files</Filter>
    </ClInclude>
    <ClInclude Include="include\SJLIB\GameVC\timer.h">
      <Filter>Header Files</Filter>
    </ClInclude>
    <ClInclude Include="include\SJLIB\GameVC\trafficlights.h">
      <Filter>Header Files</Filter>
    </ClInclude>
    <ClInclude Include="include\SJLIB\GameVC\vehicle.h">
      <Filter>Header Files</Filter>
    </ClInclude>
    <ClInclude Include="include\SJLIB\GameVC\weather.h">
      <Filter>Header Files</Filter>
    </ClInclude>
    <ClInclude Include="include\SJLIB\GameVC\InternalHooks\CPathFindHook.h">
      <Filter>Header Files</Filter>
    </ClInclude>
    <ClInclude Include="include\SJLIB\GameVC\InternalHooks\dxd8_system.h">
      <Filter>Header Files</Filter>
    </ClInclude>
    <ClInclude Include="include\SJLIB\GameVC\InternalHooks\CGameHookManager.h">
      <Filter>Header Files</Filter>
    </ClInclude>
    <ClInclude Include="include\SJLIB\GameVC\physical.h">
      <Filter>Header Files</Filter>
    </ClInclude>
    <ClInclude Include="include\SJLIB\GameVC\waterlevel.h">
      <Filter>Header Files</Filter>
    </ClInclude>
    <ClInclude Include="include\SJLIB\GameVC\InternalHooks\sectorlist_hooks.h">
      <Filter>Header Files</Filter>
    </ClInclude>
  </ItemGroup>
  <ItemGroup>
    <ClCompile Include="src\WaterHack.cpp">
      <Filter>Source Files</Filter>
    </ClCompile>
    <ClCompile Include="src\VehicleLimitPatch.cpp">
      <Filter>Source Files</Filter>
    </ClCompile>
    <ClCompile Include="src\RadarHack.cpp">
      <Filter>Source Files</Filter>
    </ClCompile>
    <ClCompile Include="src\MiscellaneousPatches.cpp">
      <Filter>Source Files</Filter>
    </ClCompile>
    <ClCompile Include="src\MenuMapHack.cpp">
      <Filter>Source Files</Filter>
    </ClCompile>
    <ClCompile Include="src\main.cpp">
      <Filter>Source Files</Filter>
    </ClCompile>
    <ClCompile Include="src\hooksystem.cpp">
      <Filter>Source Files</Filter>
    </ClCompile>
    <ClCompile Include="src\FileLoaderAddIns.cpp">
      <Filter>Source Files</Filter>
    </ClCompile>
    <ClCompile Include="src\GameVC\automobile.cpp">
      <Filter>Source Files</Filter>
    </ClCompile>
    <ClCompile Include="src\GameVC\CAutoPilot.cpp">
      <Filter>Source Files</Filter>
    </ClCompile>
    <ClCompile Include="src\GameVC\CCarCtrl.cpp">
      <Filter>Source Files</Filter>
    </ClCompile>
    <ClCompile Include="src\GameVC\CCullZones.cpp">
      <Filter>Source Files</Filter>
    </ClCompile>
    <ClCompile Include="src\GameVC\CCurves.cpp">
      <Filter>Source Files</Filter>
    </ClCompile>
    <ClCompile Include="src\GameVC\CDebug.cpp">
      <Filter>Source Files</Filter>
    </ClCompile>
    <ClCompile Include="src\GameVC\CFileLoader.cpp">
      <Filter>Source Files</Filter>
    </ClCompile>
    <ClCompile Include="src\GameVC\CFileMgr.cpp">
      <Filter>Source Files</Filter>
    </ClCompile>
    <ClCompile Include="src\GameVC\CFont.cpp">
      <Filter>Source Files</Filter>
    </ClCompile>
    <ClCompile Include="src\GameVC\CGameHookManager.cpp">
      <Filter>Source Files</Filter>
    </ClCompile>
    <ClCompile Include="src\GameVC\CGameVariables.cpp">
      <Filter>Source Files</Filter>
    </ClCompile>
    <ClCompile Include="src\GameVC\CGeneral.cpp">
      <Filter>Source Files</Filter>
    </ClCompile>
    <ClCompile Include="src\GameVC\CPed.cpp">
      <Filter>Source Files</Filter>
    </ClCompile>
    <ClCompile Include="src\GameVC\CSprite2D.cpp">
      <Filter>Source Files</Filter>
    </ClCompile>
    <ClCompile Include="src\GameVC\CTheCarGenerators.cpp">
      <Filter>Source Files</Filter>
    </ClCompile>
    <ClCompile Include="src\GameVC\CTheZones.cpp">
      <Filter>Source Files</Filter>
    </ClCompile>
    <ClCompile Include="src\GameVC\CTxdStore.cpp">
      <Filter>Source Files</Filter>
    </ClCompile>
    <ClCompile Include="src\GameVC\entity.cpp">
      <Filter>Source Files</Filter>
    </ClCompile>
    <ClCompile Include="src\GameVC\GameVC.cpp">
      <Filter>Source Files</Filter>
    </ClCompile>
    <ClCompile Include="src\GameVC\hookPathfinding.cpp">
      <Filter>Source Files</Filter>
    </ClCompile>
    <ClCompile Include="src\GameVC\pathfinding.cpp">
      <Filter>Source Files</Filter>
    </ClCompile>
    <ClCompile Include="src\GameVC\RenderWare.cpp">
      <Filter>Source Files</Filter>
    </ClCompile>
    <ClCompile Include="src\GameVC\trafficlights.cpp">
      <Filter>Source Files</Filter>
    </ClCompile>
    <ClCompile Include="src\GameVC\vehicle.cpp">
      <Filter>Source Files</Filter>
    </ClCompile>
    <ClCompile Include="src\GameVC\weather.cpp">
      <Filter>Source Files</Filter>
    </ClCompile>
    <ClCompile Include="src\GameVC\world.cpp">
      <Filter>Source Files</Filter>
    </ClCompile>
    <ClCompile Include="src\GameVC\InternalHooks\dxd8_system.cpp">
      <Filter>Source Files</Filter>
    </ClCompile>
    <ClCompile Include="src\GameVC\physical.cpp">
      <Filter>Source Files</Filter>
    </ClCompile>
    <ClCompile Include="src\GameVC\waterlevel.cpp">
      <Filter>Source Files</Filter>
    </ClCompile>
    <ClCompile Include="src\GameVC\InternalHooks\sectorlist_hooks.cpp">
      <Filter>Source Files</Filter>
    </ClCompile>
  </ItemGroup>
</Project>